
Microsoft Visual Studio Solution File, Format Version 12.00
# Visual Studio Version 17
VisualStudioVersion = 17.7.34202.233
MinimumVisualStudioVersion = 10.0.40219.1
Project("{9A19103F-16F7-4668-BE54-9A1E7A4F7556}") = "Forum.Domain", "Domain\Forum.Domain.csproj", "{240FEF70-6E55-48E6-B665-3726C230959F}"
EndProject
Project("{9A19103F-16F7-4668-BE54-9A1E7A4F7556}") = "Forum.Storage", "Storage\Forum.Storage.csproj", "{6CF63EAC-7162-46FA-8280-C5E838086ED3}"
EndProject
Project("{9A19103F-16F7-4668-BE54-9A1E7A4F7556}") = "API", "API\API.csproj", "{187C1326-BC88-42DB-9DCD-17550086EA2B}"
EndProject
Project("{9A19103F-16F7-4668-BE54-9A1E7A4F7556}") = "Forum.Domain.Tests", "Domain.Tests\Forum.Domain.Tests.csproj", "{3790690C-F564-4875-BBD7-94BE8A12A012}"
EndProject
Project("{9A19103F-16F7-4668-BE54-9A1E7A4F7556}") = "Forum.Domain.DependencyInjection", "Domain.DependencyInjection\Forum.Domain.DependencyInjection.csproj", "{FA255BA5-749E-4D23-AB46-CA883837420D}"
EndProject
Project("{9A19103F-16F7-4668-BE54-9A1E7A4F7556}") = "Forum.Storage.DependencyInjection", "Storage.DependencyInjection\Forum.Storage.DependencyInjection.csproj", "{E96353D3-D956-48D9-8276-7550F8205F4F}"
EndProject
Project("{9A19103F-16F7-4668-BE54-9A1E7A4F7556}") = "Forum.E2E", "E2E\Forum.E2E.csproj", "{6FBFA2B5-6387-4F67-8E5C-5CD0CAD94E3B}"
EndProject
Project("{9A19103F-16F7-4668-BE54-9A1E7A4F7556}") = "Forum.Storage.Tests", "Storage.Tests\Forum.Storage.Tests.csproj", "{01811463-FC00-4818-872B-A07D5472BD47}"
EndProject
Project("{2150E333-8FDC-42A3-9474-1A3956D46DE8}") = "Forum", "Forum", "{2C46BD64-9B7A-4995-BDD5-717123B3BF67}"
EndProject
Project("{2150E333-8FDC-42A3-9474-1A3956D46DE8}") = "Search", "Search", "{4A7E8231-B3FC-457B-B74F-CB937258680C}"
EndProject
Project("{FAE04EC0-301F-11D3-BF4B-00C04F79EFBC}") = "Search.API", "Search.API\Search.API.csproj", "{3AF6DFE6-805D-4346-B834-69FA2DAAE434}"
EndProject
Project("{FAE04EC0-301F-11D3-BF4B-00C04F79EFBC}") = "Search.Domain", "Search.Domain\Search.Domain.csproj", "{35ED7502-2F04-46C7-9068-F06C2C1C8B6B}"
EndProject
Project("{FAE04EC0-301F-11D3-BF4B-00C04F79EFBC}") = "Search.Storage", "Search.Storage\Search.Storage.csproj", "{9570DAED-C635-4BEF-B971-D4B2B534F874}"
EndProject
Project("{FAE04EC0-301F-11D3-BF4B-00C04F79EFBC}") = "Search.Storage.DependencyInjection", "Search.Storage.DependencyInjection\Search.Storage.DependencyInjection.csproj", "{EF18FA80-B5FB-4346-BA5A-460C2A0D2062}"
EndProject
Project("{FAE04EC0-301F-11D3-BF4B-00C04F79EFBC}") = "Search.Domain.DependencyInjection", "Search.Domain.DependencyInjection\Search.Domain.DependencyInjection.csproj", "{E40FB561-0FE7-43EA-80B1-A1EFDAF8411B}"
EndProject
Global
	GlobalSection(SolutionConfigurationPlatforms) = preSolution
		Debug|Any CPU = Debug|Any CPU
		Release|Any CPU = Release|Any CPU
	EndGlobalSection
	GlobalSection(ProjectConfigurationPlatforms) = postSolution
		{240FEF70-6E55-48E6-B665-3726C230959F}.Debug|Any CPU.ActiveCfg = Debug|Any CPU
		{240FEF70-6E55-48E6-B665-3726C230959F}.Debug|Any CPU.Build.0 = Debug|Any CPU
		{240FEF70-6E55-48E6-B665-3726C230959F}.Release|Any CPU.ActiveCfg = Release|Any CPU
		{240FEF70-6E55-48E6-B665-3726C230959F}.Release|Any CPU.Build.0 = Release|Any CPU
		{6CF63EAC-7162-46FA-8280-C5E838086ED3}.Debug|Any CPU.ActiveCfg = Debug|Any CPU
		{6CF63EAC-7162-46FA-8280-C5E838086ED3}.Debug|Any CPU.Build.0 = Debug|Any CPU
		{6CF63EAC-7162-46FA-8280-C5E838086ED3}.Release|Any CPU.ActiveCfg = Release|Any CPU
		{6CF63EAC-7162-46FA-8280-C5E838086ED3}.Release|Any CPU.Build.0 = Release|Any CPU
		{187C1326-BC88-42DB-9DCD-17550086EA2B}.Debug|Any CPU.ActiveCfg = Debug|Any CPU
		{187C1326-BC88-42DB-9DCD-17550086EA2B}.Debug|Any CPU.Build.0 = Debug|Any CPU
		{187C1326-BC88-42DB-9DCD-17550086EA2B}.Release|Any CPU.ActiveCfg = Release|Any CPU
		{187C1326-BC88-42DB-9DCD-17550086EA2B}.Release|Any CPU.Build.0 = Release|Any CPU
		{3790690C-F564-4875-BBD7-94BE8A12A012}.Debug|Any CPU.ActiveCfg = Debug|Any CPU
		{3790690C-F564-4875-BBD7-94BE8A12A012}.Debug|Any CPU.Build.0 = Debug|Any CPU
		{3790690C-F564-4875-BBD7-94BE8A12A012}.Release|Any CPU.ActiveCfg = Release|Any CPU
		{3790690C-F564-4875-BBD7-94BE8A12A012}.Release|Any CPU.Build.0 = Release|Any CPU
		{FA255BA5-749E-4D23-AB46-CA883837420D}.Debug|Any CPU.ActiveCfg = Debug|Any CPU
		{FA255BA5-749E-4D23-AB46-CA883837420D}.Debug|Any CPU.Build.0 = Debug|Any CPU
		{FA255BA5-749E-4D23-AB46-CA883837420D}.Release|Any CPU.ActiveCfg = Release|Any CPU
		{FA255BA5-749E-4D23-AB46-CA883837420D}.Release|Any CPU.Build.0 = Release|Any CPU
		{E96353D3-D956-48D9-8276-7550F8205F4F}.Debug|Any CPU.ActiveCfg = Debug|Any CPU
		{E96353D3-D956-48D9-8276-7550F8205F4F}.Debug|Any CPU.Build.0 = Debug|Any CPU
		{E96353D3-D956-48D9-8276-7550F8205F4F}.Release|Any CPU.ActiveCfg = Release|Any CPU
		{E96353D3-D956-48D9-8276-7550F8205F4F}.Release|Any CPU.Build.0 = Release|Any CPU
		{6FBFA2B5-6387-4F67-8E5C-5CD0CAD94E3B}.Debug|Any CPU.ActiveCfg = Debug|Any CPU
		{6FBFA2B5-6387-4F67-8E5C-5CD0CAD94E3B}.Debug|Any CPU.Build.0 = Debug|Any CPU
		{6FBFA2B5-6387-4F67-8E5C-5CD0CAD94E3B}.Release|Any CPU.ActiveCfg = Release|Any CPU
		{6FBFA2B5-6387-4F67-8E5C-5CD0CAD94E3B}.Release|Any CPU.Build.0 = Release|Any CPU
		{01811463-FC00-4818-872B-A07D5472BD47}.Debug|Any CPU.ActiveCfg = Debug|Any CPU
		{01811463-FC00-4818-872B-A07D5472BD47}.Debug|Any CPU.Build.0 = Debug|Any CPU
		{01811463-FC00-4818-872B-A07D5472BD47}.Release|Any CPU.ActiveCfg = Release|Any CPU
		{01811463-FC00-4818-872B-A07D5472BD47}.Release|Any CPU.Build.0 = Release|Any CPU
		{3AF6DFE6-805D-4346-B834-69FA2DAAE434}.Debug|Any CPU.ActiveCfg = Debug|Any CPU
		{3AF6DFE6-805D-4346-B834-69FA2DAAE434}.Debug|Any CPU.Build.0 = Debug|Any CPU
		{3AF6DFE6-805D-4346-B834-69FA2DAAE434}.Release|Any CPU.ActiveCfg = Release|Any CPU
		{3AF6DFE6-805D-4346-B834-69FA2DAAE434}.Release|Any CPU.Build.0 = Release|Any CPU
		{35ED7502-2F04-46C7-9068-F06C2C1C8B6B}.Debug|Any CPU.ActiveCfg = Debug|Any CPU
		{35ED7502-2F04-46C7-9068-F06C2C1C8B6B}.Debug|Any CPU.Build.0 = Debug|Any CPU
		{35ED7502-2F04-46C7-9068-F06C2C1C8B6B}.Release|Any CPU.ActiveCfg = Release|Any CPU
		{35ED7502-2F04-46C7-9068-F06C2C1C8B6B}.Release|Any CPU.Build.0 = Release|Any CPU
		{9570DAED-C635-4BEF-B971-D4B2B534F874}.Debug|Any CPU.ActiveCfg = Debug|Any CPU
		{9570DAED-C635-4BEF-B971-D4B2B534F874}.Debug|Any CPU.Build.0 = Debug|Any CPU
		{9570DAED-C635-4BEF-B971-D4B2B534F874}.Release|Any CPU.ActiveCfg = Release|Any CPU
		{9570DAED-C635-4BEF-B971-D4B2B534F874}.Release|Any CPU.Build.0 = Release|Any CPU
		{EF18FA80-B5FB-4346-BA5A-460C2A0D2062}.Debug|Any CPU.ActiveCfg = Debug|Any CPU
		{EF18FA80-B5FB-4346-BA5A-460C2A0D2062}.Debug|Any CPU.Build.0 = Debug|Any CPU
		{EF18FA80-B5FB-4346-BA5A-460C2A0D2062}.Release|Any CPU.ActiveCfg = Release|Any CPU
		{EF18FA80-B5FB-4346-BA5A-460C2A0D2062}.Release|Any CPU.Build.0 = Release|Any CPU
		{E40FB561-0FE7-43EA-80B1-A1EFDAF8411B}.Debug|Any CPU.ActiveCfg = Debug|Any CPU
		{E40FB561-0FE7-43EA-80B1-A1EFDAF8411B}.Debug|Any CPU.Build.0 = Debug|Any CPU
		{E40FB561-0FE7-43EA-80B1-A1EFDAF8411B}.Release|Any CPU.ActiveCfg = Release|Any CPU
		{E40FB561-0FE7-43EA-80B1-A1EFDAF8411B}.Release|Any CPU.Build.0 = Release|Any CPU
	EndGlobalSection
	GlobalSection(SolutionProperties) = preSolution
		HideSolutionNode = FALSE
	EndGlobalSection
	GlobalSection(NestedProjects) = preSolution
		{240FEF70-6E55-48E6-B665-3726C230959F} = {2C46BD64-9B7A-4995-BDD5-717123B3BF67}
		{6CF63EAC-7162-46FA-8280-C5E838086ED3} = {2C46BD64-9B7A-4995-BDD5-717123B3BF67}
		{3790690C-F564-4875-BBD7-94BE8A12A012} = {2C46BD64-9B7A-4995-BDD5-717123B3BF67}
		{FA255BA5-749E-4D23-AB46-CA883837420D} = {2C46BD64-9B7A-4995-BDD5-717123B3BF67}
		{E96353D3-D956-48D9-8276-7550F8205F4F} = {2C46BD64-9B7A-4995-BDD5-717123B3BF67}
		{6FBFA2B5-6387-4F67-8E5C-5CD0CAD94E3B} = {2C46BD64-9B7A-4995-BDD5-717123B3BF67}
		{01811463-FC00-4818-872B-A07D5472BD47} = {2C46BD64-9B7A-4995-BDD5-717123B3BF67}
		{3AF6DFE6-805D-4346-B834-69FA2DAAE434} = {4A7E8231-B3FC-457B-B74F-CB937258680C}
		{35ED7502-2F04-46C7-9068-F06C2C1C8B6B} = {4A7E8231-B3FC-457B-B74F-CB937258680C}
		{9570DAED-C635-4BEF-B971-D4B2B534F874} = {4A7E8231-B3FC-457B-B74F-CB937258680C}
		{EF18FA80-B5FB-4346-BA5A-460C2A0D2062} = {4A7E8231-B3FC-457B-B74F-CB937258680C}
		{E40FB561-0FE7-43EA-80B1-A1EFDAF8411B} = {4A7E8231-B3FC-457B-B74F-CB937258680C}
	EndGlobalSection
	GlobalSection(ExtensibilityGlobals) = postSolution
		SolutionGuid = {E12305A3-4454-4817-A988-384CF8DC545B}
	EndGlobalSection
EndGlobal
